PODS:
  - IBAnimatable (2.4)
  - Material (1.42.6)

DEPENDENCIES:
  - IBAnimatable
  - Material

SPEC CHECKSUMS:
  IBAnimatable: f5dcd428e0fc41d11d3ed657c925393dd7bbaa0a
  Material: 76dc9b14ad8b3a2ad673b77ad73dd66ed1eee68c

PODFILE CHECKSUM: ec4df8700cc3adbfe2a555154be921461fff2baf

COCOAPODS: 1.0.1
