PODS:
  - IBAnimatable (2.5)
  - Material (1.42.7)

DEPENDENCIES:
  - IBAnimatable
  - Material

SPEC CHECKSUMS:
  IBAnimatable: 5c33ed051b55f5ab988b5b256121158d1b81a333
  Material: 2d46a44719b1f19e52956518af8aea54ac714963

PODFILE CHECKSUM: 79fbb5ab85d75444c84204f3e1aef6551da8868c

COCOAPODS: 1.0.1
