// !$*UTF8*$!
{
	archiveVersion = 1;
	classes = {
	};
	objectVersion = 46;
	objects = {

/* Begin PBXBuildFile section */
		AEFC55DB1D32212D00D9EC01 /* AppDelegate.swift in Sources */ = {isa = PBXBuildFile; fileRef = AEFC55DA1D32212D00D9EC01 /* AppDelegate.swift */; };
		AEFC55DD1D32212D00D9EC01 /* ViewController.swift in Sources */ = {isa = PBXBuildFile; fileRef = AEFC55DC1D32212D00D9EC01 /* ViewController.swift */; };
		AEFC55E01D32212D00D9EC01 /* Main.storyboard in Resources */ = {isa = PBXBuildFile; fileRef = AEFC55DE1D32212D00D9EC01 /* Main.storyboard */; };
		AEFC55E21D32212D00D9EC01 /* Assets.xcassets in Resources */ = {isa = PBXBuildFile; fileRef = AEFC55E11D32212D00D9EC01 /* Assets.xcassets */; };
		AEFC55E51D32212D00D9EC01 /* LaunchScreen.storyboard in Resources */ = {isa = PBXBuildFile; fileRef = AEFC55E31D32212D00D9EC01 /* LaunchScreen.storyboard */; };
/* End PBXBuildFile section */

/* Begin PBXFileReference section */
		AEFC55D71D32212D00D9EC01 /* IBAnimatable-Material.app */ = {isa = PBXFileReference; explicitFileType = wrapper.application; includeInIndex = 0; path = "IBAnimatable-Material.app"; sourceTree = BUILT_PRODUCTS_DIR; };
		AEFC55DA1D32212D00D9EC01 /* AppDelegate.swift */ = {isa = PBXFileReference; lastKnownFileType = sourcecode.swift; path = AppDelegate.swift; sourceTree = "<group>"; };
		AEFC55DC1D32212D00D9EC01 /* ViewController.swift */ = {isa = PBXFileReference; lastKnownFileType = sourcecode.swift; path = ViewController.swift; sourceTree = "<group>"; };
		AEFC55DF1D32212D00D9EC01 /* Base */ = {isa = PBXFileReference; lastKnownFileType = file.storyboard; name = Base; path = Base.lproj/Main.storyboard; sourceTree = "<group>"; };
		AEFC55E11D32212D00D9EC01 /* Assets.xcassets */ = {isa = PBXFileReference; lastKnownFileType = folder.assetcatalog; path = Assets.xcassets; sourceTree = "<group>"; };
		AEFC55E41D32212D00D9EC01 /* Base */ = {isa = PBXFileReference; lastKnownFileType = file.storyboard; name = Base; path = Base.lproj/LaunchScreen.storyboard; sourceTree = "<group>"; };
		AEFC55E61D32212D00D9EC01 /* Info.plist */ = {isa = PBXFileReference; lastKnownFileType = text.plist.xml; path = Info.plist; sourceTree = "<group>"; };
/* End PBXFileReference section */

/* Begin PBXFrameworksBuildPhase section */
		AEFC55D41D32212D00D9EC01 /* Frameworks */ = {
			isa = PBXFrameworksBuildPhase;
			buildActionMask = 2147483647;
			files = (
			);
			runOnlyForDeploymentPostprocessing = 0;
		};
/* End PBXFrameworksBuildPhase section */

/* Begin PBXGroup section */
		AEFC55CE1D32212D00D9EC01 = {
			isa = PBXGroup;
			children = (
				AEFC55D91D32212D00D9EC01 /* IBAnimatable-Material */,
				AEFC55D81D32212D00D9EC01 /* Products */,
			);
			sourceTree = "<group>";
		};
		AEFC55D81D32212D00D9EC01 /* Products */ = {
			isa = PBXGroup;
			children = (
				AEFC55D71D32212D00D9EC01 /* IBAnimatable-Material.app */,
			);
			name = Products;
			sourceTree = "<group>";
		};
		AEFC55D91D32212D00D9EC01 /* IBAnimatable-Material */ = {
			isa = PBXGroup;
			children = (
				AEFC55DA1D32212D00D9EC01 /* AppDelegate.swift */,
				AEFC55DC1D32212D00D9EC01 /* ViewController.swift */,
				AEFC55DE1D32212D00D9EC01 /* Main.storyboard */,
				AEFC55E11D32212D00D9EC01 /* Assets.xcassets */,
				AEFC55E31D32212D00D9EC01 /* LaunchScreen.storyboard */,
				AEFC55E61D32212D00D9EC01 /* Info.plist */,
			);
			path = "IBAnimatable-Material";
			sourceTree = "<group>";
		};
/* End PBXGroup section */

/* Begin PBXNativeTarget section */
		AEFC55D61D32212D00D9EC01 /* IBAnimatable-Material */ = {
			isa = PBXNativeTarget;
			buildConfigurationList = AEFC55E91D32212D00D9EC01 /* Build configuration list for PBXNativeTarget "IBAnimatable-Material" */;
			buildPhases = (
				AEFC55D31D32212D00D9EC01 /* Sources */,
				AEFC55D41D32212D00D9EC01 /* Frameworks */,
				AEFC55D51D32212D00D9EC01 /* Resources */,
			);
			buildRules = (
			);
			dependencies = (
			);
			name = "IBAnimatable-Material";
			productName = "IBAnimatable-Material";
			productReference = AEFC55D71D32212D00D9EC01 /* IBAnimatable-Material.app */;
			productType = "com.apple.product-type.application";
		};
/* End PBXNativeTarget section */

/* Begin PBXProject section */
		AEFC55CF1D32212D00D9EC01 /* Project object */ = {
			isa = PBXProject;
			attributes = {
				LastSwiftUpdateCheck = 0730;
				LastUpgradeCheck = 0730;
				ORGANIZATIONNAME = IBAnimatable;
				TargetAttributes = {
					AEFC55D61D32212D00D9EC01 = {
						CreatedOnToolsVersion = 7.3.1;
					};
				};
			};
			buildConfigurationList = AEFC55D21D32212D00D9EC01 /* Build configuration list for PBXProject "IBAnimatable-Material" */;
			compatibilityVersion = "Xcode 3.2";
			developmentRegion = English;
			hasScannedForEncodings = 0;
			knownRegions = (
				en,
				Base,
			);
			mainGroup = AEFC55CE1D32212D00D9EC01;
			productRefGroup = AEFC55D81D32212D00D9EC01 /* Products */;
			projectDirPath = "";
			projectRoot = "";
			targets = (
				AEFC55D61D32212D00D9EC01 /* IBAnimatable-Material */,
			);
		};
/* End PBXProject section */

/* Begin PBXResourcesBuildPhase section */
		AEFC55D51D32212D00D9EC01 /* Resources */ = {
			isa = PBXResourcesBuildPhase;
			buildActionMask = 2147483647;
			files = (
				AEFC55E51D32212D00D9EC01 /* LaunchScreen.storyboard in Resources */,
				AEFC55E21D32212D00D9EC01 /* Assets.xcassets in Resources */,
				AEFC55E01D32212D00D9EC01 /* Main.storyboard in Resources */,
			);
			runOnlyForDeploymentPostprocessing = 0;
		};
/* End PBXResourcesBuildPhase section */

/* Begin PBXSourcesBuildPhase section */
		AEFC55D31D32212D00D9EC01 /* Sources */ = {
			isa = PBXSourcesBuildPhase;
			buildActionMask = 2147483647;
			files = (
				AEFC55DD1D32212D00D9EC01 /* ViewController.swift in Sources */,
				AEFC55DB1D32212D00D9EC01 /* AppDelegate.swift in Sources */,
			);
			runOnlyForDeploymentPostprocessing = 0;
		};
/* End PBXSourcesBuildPhase section */

/* Begin PBXVariantGroup section */
		AEFC55DE1D32212D00D9EC01 /* Main.storyboard */ = {
			isa = PBXVariantGroup;
			children = (
				AEFC55DF1D32212D00D9EC01 /* Base */,
			);
			name = Main.storyboard;
			sourceTree = "<group>";
		};
		AEFC55E31D32212D00D9EC01 /* LaunchScreen.storyboard */ = {
			isa = PBXVariantGroup;
			children = (
				AEFC55E41D32212D00D9EC01 /* Base */,
			);
			name = LaunchScreen.storyboard;
			sourceTree = "<group>";
		};
/* End PBXVariantGroup section */

/* Begin XCBuildConfiguration section */
		AEFC55E71D32212D00D9EC01 /* Debug */ = {
			isa = XCBuildConfiguration;
			buildSettings = {
				ALWAYS_SEARCH_USER_PATHS = NO;
				CLANG_ANALYZER_NONNULL = YES;
				CLANG_CXX_LANGUAGE_STANDARD = "gnu++0x";
				CLANG_CXX_LIBRARY = "libc++";
				CLANG_ENABLE_MODULES = YES;
				CLANG_ENABLE_OBJC_ARC = YES;
				CLANG_WARN_BOOL_CONVERSION = YES;
				CLANG_WARN_CONSTANT_CONVERSION = YES;
				CLANG_WARN_DIRECT_OBJC_ISA_USAGE = YES_ERROR;
				CLANG_WARN_EMPTY_BODY = YES;
				CLANG_WARN_ENUM_CONVERSION = YES;
				CLANG_WARN_INT_CONVERSION = YES;
				CLANG_WARN_OBJC_ROOT_CLASS = YES_ERROR;
				CLANG_WARN_UNREACHABLE_CODE = YES;
				CLANG_WARN__DUPLICATE_METHOD_MATCH = YES;
				"CODE_SIGN_IDENTITY[sdk=iphoneos*]" = "iPhone Developer";
				COPY_PHASE_STRIP = NO;
				DEBUG_INFORMATION_FORMAT = dwarf;
				ENABLE_STRICT_OBJC_MSGSEND = YES;
				ENABLE_TESTABILITY = YES;
				GCC_C_LANGUAGE_STANDARD = gnu99;
				GCC_DYNAMIC_NO_PIC = NO;
				GCC_NO_COMMON_BLOCKS = YES;
				GCC_OPTIMIZATION_LEVEL = 0;
				GCC_PREPROCESSOR_DEFINITIONS = (
					"DEBUG=1",
					"$(inherited)",
				);
				GCC_WARN_64_TO_32_BIT_CONVERSION = YES;
				GCC_WARN_ABOUT_RETURN_TYPE = YES_ERROR;
				GCC_WARN_UNDECLARED_SELECTOR = YES;
				GCC_WARN_UNINITIALIZED_AUTOS = YES_AGGRESSIVE;
				GCC_WARN_UNUSED_FUNCTION = YES;
				GCC_WARN_UNUSED_VARIABLE = YES;
				IPHONEOS_DEPLOYMENT_TARGET = 9.3;
				MTL_ENABLE_DEBUG_INFO = YES;
				ONLY_ACTIVE_ARCH = YES;
				SDKROOT = iphoneos;
				SWIFT_OPTIMIZATION_LEVEL = "-Onone";
			};
			name = Debug;
		};
		AEFC55E81D32212D00D9EC01 /* Release */ = {
			isa = XCBuildConfiguration;
			buildSettings = {
				ALWAYS_SEARCH_USER_PATHS = NO;
				CLANG_ANALYZER_NONNULL = YES;
				CLANG_CXX_LANGUAGE_STANDARD = "gnu++0x";
				CLANG_CXX_LIBRARY = "libc++";
				CLANG_ENABLE_MODULES = YES;
				CLANG_ENABLE_OBJC_ARC = YES;
				CLANG_WARN_BOOL_CONVERSION = YES;
				CLANG_WARN_CONSTANT_CONVERSION = YES;
				CLANG_WARN_DIRECT_OBJC_ISA_USAGE = YES_ERROR;
				CLANG_WARN_EMPTY_BODY = YES;
				CLANG_WARN_ENUM_CONVERSION = YES;
				CLANG_WARN_INT_CONVERSION = YES;
				CLANG_WARN_OBJC_ROOT_CLASS = YES_ERROR;
				CLANG_WARN_UNREACHABLE_CODE = YES;
				CLANG_WARN__DUPLICATE_METHOD_MATCH = YES;
				"CODE_SIGN_IDENTITY[sdk=iphoneos*]" = "iPhone Developer";
				COPY_PHASE_STRIP = NO;
				DEBUG_INFORMATION_FORMAT = "dwarf-with-dsym";
				ENABLE_NS_ASSERTIONS = NO;
				ENABLE_STRICT_OBJC_MSGSEND = YES;
				GCC_C_LANGUAGE_STANDARD = gnu99;
				GCC_NO_COMMON_BLOCKS = YES;
				GCC_WARN_64_TO_32_BIT_CONVERSION = YES;
				GCC_WARN_ABOUT_RETURN_TYPE = YES_ERROR;
				GCC_WARN_UNDECLARED_SELECTOR = YES;
				GCC_WARN_UNINITIALIZED_AUTOS = YES_AGGRESSIVE;
				GCC_WARN_UNUSED_FUNCTION = YES;
				GCC_WARN_UNUSED_VARIABLE = YES;
				IPHONEOS_DEPLOYMENT_TARGET = 9.3;
				MTL_ENABLE_DEBUG_INFO = NO;
				SDKROOT = iphoneos;
				VALIDATE_PRODUCT = YES;
			};
			name = Release;
		};
		AEFC55EA1D32212D00D9EC01 /* Debug */ = {
			isa = XCBuildConfiguration;
			buildSettings = {
				ASSETCATALOG_COMPILER_APPICON_NAME = AppIcon;
				INFOPLIST_FILE = "IBAnimatable-Material/Info.plist";
				LD_RUNPATH_SEARCH_PATHS = "$(inherited) @executable_path/Frameworks";
				PRODUCT_BUNDLE_IDENTIFIER = "IBAnimatable.IBAnimatable-Material";
				PRODUCT_NAME = "$(TARGET_NAME)";
			};
			name = Debug;
		};
		AEFC55EB1D32212D00D9EC01 /* Release */ = {
			isa = XCBuildConfiguration;
			buildSettings = {
				ASSETCATALOG_COMPILER_APPICON_NAME = AppIcon;
				INFOPLIST_FILE = "IBAnimatable-Material/Info.plist";
				LD_RUNPATH_SEARCH_PATHS = "$(inherited) @executable_path/Frameworks";
				PRODUCT_BUNDLE_IDENTIFIER = "IBAnimatable.IBAnimatable-Material";
				PRODUCT_NAME = "$(TARGET_NAME)";
			};
			name = Release;
		};
/* End XCBuildConfiguration section */

/* Begin XCConfigurationList section */
		AEFC55D21D32212D00D9EC01 /* Build configuration list for PBXProject "IBAnimatable-Material" */ = {
			isa = XCConfigurationList;
			buildConfigurations = (
				AEFC55E71D32212D00D9EC01 /* Debug */,
				AEFC55E81D32212D00D9EC01 /* Release */,
			);
			defaultConfigurationIsVisible = 0;
			defaultConfigurationName = Release;
		};
		AEFC55E91D32212D00D9EC01 /* Build configuration list for PBXNativeTarget "IBAnimatable-Material" */ = {
			isa = XCConfigurationList;
			buildConfigurations = (
				AEFC55EA1D32212D00D9EC01 /* Debug */,
				AEFC55EB1D32212D00D9EC01 /* Release */,
			);
			defaultConfigurationIsVisible = 0;
		};
/* End XCConfigurationList section */
	};
	rootObject = AEFC55CF1D32212D00D9EC01 /* Project object */;
}
