// !$*UTF8*$!
{
	archiveVersion = 1;
	classes = {
	};
	objectVersion = 46;
	objects = {

/* Begin PBXBuildFile section */
		5E11C6531D358A8C00318B7C /* AnimatableFlatButton.swift in Sources */ = {isa = PBXBuildFile; fileRef = 5E11C6521D358A8C00318B7C /* AnimatableFlatButton.swift */; };
		5E7798821D3C52E300D693BB /* AnimatableMaterialImageCardView .swift in Sources */ = {isa = PBXBuildFile; fileRef = 5E7798811D3C52E300D693BB /* AnimatableMaterialImageCardView .swift */; };
		5E7798841D3C560D00D693BB /* AnimatableMaterialImageCardViewController.swift in Sources */ = {isa = PBXBuildFile; fileRef = 5E7798831D3C560D00D693BB /* AnimatableMaterialImageCardViewController.swift */; };
		5E7798861D3C652900D693BB /* AnimatableMaterialControlView.swift in Sources */ = {isa = PBXBuildFile; fileRef = 5E7798851D3C652900D693BB /* AnimatableMaterialControlView.swift */; };
		5E7798881D3C65DA00D693BB /* AnimatableMaterialControlViewController.swift in Sources */ = {isa = PBXBuildFile; fileRef = 5E7798871D3C65DA00D693BB /* AnimatableMaterialControlViewController.swift */; };
		5E77988A1D3DBC5500D693BB /* AnimatableMaterialErrorTextField .swift in Sources */ = {isa = PBXBuildFile; fileRef = 5E7798891D3DBC5500D693BB /* AnimatableMaterialErrorTextField .swift */; };
		5E77988C1D3DBECB00D693BB /* AnimatableMaterialTextView.swift in Sources */ = {isa = PBXBuildFile; fileRef = 5E77988B1D3DBECB00D693BB /* AnimatableMaterialTextView.swift */; };
		5E77988E1D3DC25D00D693BB /* AnimatableMaterialErrorTextFieldAndTextViewViewController.swift in Sources */ = {isa = PBXBuildFile; fileRef = 5E77988D1D3DC25D00D693BB /* AnimatableMaterialErrorTextFieldAndTextViewViewController.swift */; };
		5E7798901D3DC87A00D693BB /* AnimatableMaterialLabel.swift in Sources */ = {isa = PBXBuildFile; fileRef = 5E77988F1D3DC87A00D693BB /* AnimatableMaterialLabel.swift */; };
		5E7798921D3DCE0200D693BB /* AnimatableMaterialSearchBar.swift in Sources */ = {isa = PBXBuildFile; fileRef = 5E7798911D3DCE0200D693BB /* AnimatableMaterialSearchBar.swift */; };
		5E7798941D3EED9400D693BB /* AnimatableMaterialCollectionViewCell.swift in Sources */ = {isa = PBXBuildFile; fileRef = 5E7798931D3EED9400D693BB /* AnimatableMaterialCollectionViewCell.swift */; };
		5E7798961D3EEF6300D693BB /* AnimatableMaterialCollectionViewCellViewController.storyboard in Resources */ = {isa = PBXBuildFile; fileRef = 5E7798951D3EEF6300D693BB /* AnimatableMaterialCollectionViewCellViewController.storyboard */; };
		5E77989A1D3EF02A00D693BB /* AnimatableMaterialCollectionViewCellViewController.swift in Sources */ = {isa = PBXBuildFile; fileRef = 5E7798991D3EF02A00D693BB /* AnimatableMaterialCollectionViewCellViewController.swift */; };
		5E77989C1D3EF7A700D693BB /* AnimatableMaterialMenuView.swift in Sources */ = {isa = PBXBuildFile; fileRef = 5E77989B1D3EF7A700D693BB /* AnimatableMaterialMenuView.swift */; };
		5E89530E1D3677BD00E54575 /* AnimatableMaterialFabButton.swift in Sources */ = {isa = PBXBuildFile; fileRef = 5E89530D1D3677BD00E54575 /* AnimatableMaterialFabButton.swift */; };
		5E8953171D36853A00E54575 /* AnimatableMaterialCardView.swift in Sources */ = {isa = PBXBuildFile; fileRef = 5E8953161D36853A00E54575 /* AnimatableMaterialCardView.swift */; };
		5E8953191D3689C700E54575 /* AnimatableMaterialCardViewController.swift in Sources */ = {isa = PBXBuildFile; fileRef = 5E8953181D3689C700E54575 /* AnimatableMaterialCardViewController.swift */; };
		5E89531D1D368F1F00E54575 /* AnimatableMaterialCardView.storyboard in Resources */ = {isa = PBXBuildFile; fileRef = 5E89531C1D368F1F00E54575 /* AnimatableMaterialCardView.storyboard */; };
		5F063812EEDF15E945BCDE03 /* Pods_IBAnimatable_Material.framework in Frameworks */ = {isa = PBXBuildFile; fileRef = 392544B9DD945B6E07C5EFA3 /* Pods_IBAnimatable_Material.framework */; };
		AEFC55DB1D32212D00D9EC01 /* AppDelegate.swift in Sources */ = {isa = PBXBuildFile; fileRef = AEFC55DA1D32212D00D9EC01 /* AppDelegate.swift */; };
		AEFC55DD1D32212D00D9EC01 /* ViewController.swift in Sources */ = {isa = PBXBuildFile; fileRef = AEFC55DC1D32212D00D9EC01 /* ViewController.swift */; };
		AEFC55E01D32212D00D9EC01 /* Main.storyboard in Resources */ = {isa = PBXBuildFile; fileRef = AEFC55DE1D32212D00D9EC01 /* Main.storyboard */; };
		AEFC55E21D32212D00D9EC01 /* Assets.xcassets in Resources */ = {isa = PBXBuildFile; fileRef = AEFC55E11D32212D00D9EC01 /* Assets.xcassets */; };
		AEFC55E51D32212D00D9EC01 /* LaunchScreen.storyboard in Resources */ = {isa = PBXBuildFile; fileRef = AEFC55E31D32212D00D9EC01 /* LaunchScreen.storyboard */; };
		AEFC55ED1D32416E00D9EC01 /* AnimatableRaisedButton.swift in Sources */ = {isa = PBXBuildFile; fileRef = AEFC55EC1D32416E00D9EC01 /* AnimatableRaisedButton.swift */; };
		E92283461D33C59D0049DE28 /* MainTableView.swift in Sources */ = {isa = PBXBuildFile; fileRef = E92283451D33C59D0049DE28 /* MainTableView.swift */; };
		E922835B1D33C95D0049DE28 /* AnimatableMaterialTextField.storyboard in Resources */ = {isa = PBXBuildFile; fileRef = E92283581D33C95D0049DE28 /* AnimatableMaterialTextField.storyboard */; };
		E922835C1D33C95D0049DE28 /* AnimatableMaterialTextField.swift in Sources */ = {isa = PBXBuildFile; fileRef = E92283591D33C95D0049DE28 /* AnimatableMaterialTextField.swift */; };
		E922835D1D33C95D0049DE28 /* AnimatableMaterialTextFieldViewController.swift in Sources */ = {isa = PBXBuildFile; fileRef = E922835A1D33C95D0049DE28 /* AnimatableMaterialTextFieldViewController.swift */; };
		E922835F1D33C9930049DE28 /* AnimatableMaterialNavBar.swift in Sources */ = {isa = PBXBuildFile; fileRef = E922835E1D33C9930049DE28 /* AnimatableMaterialNavBar.swift */; };
		E92283611D33CA4A0049DE28 /* AnimatableMaterialTableViewCell.swift in Sources */ = {isa = PBXBuildFile; fileRef = E92283601D33CA4A0049DE28 /* AnimatableMaterialTableViewCell.swift */; };
		E92283661D33CAA90049DE28 /* AnimatableMaterialButtons.storyboard in Resources */ = {isa = PBXBuildFile; fileRef = E92283651D33CAA90049DE28 /* AnimatableMaterialButtons.storyboard */; };
/* End PBXBuildFile section */

/* Begin PBXFileReference section */
		392544B9DD945B6E07C5EFA3 /* Pods_IBAnimatable_Material.framework */ = {isa = PBXFileReference; explicitFileType = wrapper.framework; includeInIndex = 0; path = Pods_IBAnimatable_Material.framework; sourceTree = BUILT_PRODUCTS_DIR; };
		5E11C6521D358A8C00318B7C /* AnimatableFlatButton.swift */ = {isa = PBXFileReference; fileEncoding = 4; lastKnownFileType = sourcecode.swift; path = AnimatableFlatButton.swift; sourceTree = "<group>"; };
		5E7798811D3C52E300D693BB /* AnimatableMaterialImageCardView .swift */ = {isa = PBXFileReference; fileEncoding = 4; lastKnownFileType = sourcecode.swift; path = "AnimatableMaterialImageCardView .swift"; sourceTree = "<group>"; };
		5E7798831D3C560D00D693BB /* AnimatableMaterialImageCardViewController.swift */ = {isa = PBXFileReference; fileEncoding = 4; lastKnownFileType = sourcecode.swift; path = AnimatableMaterialImageCardViewController.swift; sourceTree = "<group>"; };
		5E7798851D3C652900D693BB /* AnimatableMaterialControlView.swift */ = {isa = PBXFileReference; fileEncoding = 4; lastKnownFileType = sourcecode.swift; path = AnimatableMaterialControlView.swift; sourceTree = "<group>"; };
		5E7798871D3C65DA00D693BB /* AnimatableMaterialControlViewController.swift */ = {isa = PBXFileReference; fileEncoding = 4; lastKnownFileType = sourcecode.swift; path = AnimatableMaterialControlViewController.swift; sourceTree = "<group>"; };
		5E7798891D3DBC5500D693BB /* AnimatableMaterialErrorTextField .swift */ = {isa = PBXFileReference; fileEncoding = 4; lastKnownFileType = sourcecode.swift; path = "AnimatableMaterialErrorTextField .swift"; sourceTree = "<group>"; };
		5E77988B1D3DBECB00D693BB /* AnimatableMaterialTextView.swift */ = {isa = PBXFileReference; fileEncoding = 4; lastKnownFileType = sourcecode.swift; path = AnimatableMaterialTextView.swift; sourceTree = "<group>"; };
		5E77988D1D3DC25D00D693BB /* AnimatableMaterialErrorTextFieldAndTextViewViewController.swift */ = {isa = PBXFileReference; fileEncoding = 4; lastKnownFileType = sourcecode.swift; path = AnimatableMaterialErrorTextFieldAndTextViewViewController.swift; sourceTree = "<group>"; };
		5E77988F1D3DC87A00D693BB /* AnimatableMaterialLabel.swift */ = {isa = PBXFileReference; fileEncoding = 4; lastKnownFileType = sourcecode.swift; path = AnimatableMaterialLabel.swift; sourceTree = "<group>"; };
		5E7798911D3DCE0200D693BB /* AnimatableMaterialSearchBar.swift */ = {isa = PBXFileReference; fileEncoding = 4; lastKnownFileType = sourcecode.swift; path = AnimatableMaterialSearchBar.swift; sourceTree = "<group>"; };
		5E7798931D3EED9400D693BB /* AnimatableMaterialCollectionViewCell.swift */ = {isa = PBXFileReference; fileEncoding = 4; lastKnownFileType = sourcecode.swift; path = AnimatableMaterialCollectionViewCell.swift; sourceTree = "<group>"; };
		5E7798951D3EEF6300D693BB /* AnimatableMaterialCollectionViewCellViewController.storyboard */ = {isa = PBXFileReference; fileEncoding = 4; lastKnownFileType = file.storyboard; path = AnimatableMaterialCollectionViewCellViewController.storyboard; sourceTree = "<group>"; };
		5E7798991D3EF02A00D693BB /* AnimatableMaterialCollectionViewCellViewController.swift */ = {isa = PBXFileReference; fileEncoding = 4; lastKnownFileType = sourcecode.swift; path = AnimatableMaterialCollectionViewCellViewController.swift; sourceTree = "<group>"; };
		5E77989B1D3EF7A700D693BB /* AnimatableMaterialMenuView.swift */ = {isa = PBXFileReference; fileEncoding = 4; lastKnownFileType = sourcecode.swift; path = AnimatableMaterialMenuView.swift; sourceTree = "<group>"; };
		5E89530D1D3677BD00E54575 /* AnimatableMaterialFabButton.swift */ = {isa = PBXFileReference; fileEncoding = 4; lastKnownFileType = sourcecode.swift; path = AnimatableMaterialFabButton.swift; sourceTree = "<group>"; };
		5E8953161D36853A00E54575 /* AnimatableMaterialCardView.swift */ = {isa = PBXFileReference; fileEncoding = 4; lastKnownFileType = sourcecode.swift; path = AnimatableMaterialCardView.swift; sourceTree = "<group>"; };
		5E8953181D3689C700E54575 /* AnimatableMaterialCardViewController.swift */ = {isa = PBXFileReference; fileEncoding = 4; lastKnownFileType = sourcecode.swift; path = AnimatableMaterialCardViewController.swift; sourceTree = "<group>"; };
		5E89531C1D368F1F00E54575 /* AnimatableMaterialCardView.storyboard */ = {isa = PBXFileReference; fileEncoding = 4; lastKnownFileType = file.storyboard; path = AnimatableMaterialCardView.storyboard; sourceTree = "<group>"; };
		751679D2A4128C8DB78EB63F /* Pods-IBAnimatable-Material.release.xcconfig */ = {isa = PBXFileReference; includeInIndex = 1; lastKnownFileType = text.xcconfig; name = "Pods-IBAnimatable-Material.release.xcconfig"; path = "Pods/Target Support Files/Pods-IBAnimatable-Material/Pods-IBAnimatable-Material.release.xcconfig"; sourceTree = "<group>"; };
		AEFC55D71D32212D00D9EC01 /* IBAnimatable-Material.app */ = {isa = PBXFileReference; explicitFileType = wrapper.application; includeInIndex = 0; path = "IBAnimatable-Material.app"; sourceTree = BUILT_PRODUCTS_DIR; };
		AEFC55DA1D32212D00D9EC01 /* AppDelegate.swift */ = {isa = PBXFileReference; lastKnownFileType = sourcecode.swift; path = AppDelegate.swift; sourceTree = "<group>"; };
		AEFC55DC1D32212D00D9EC01 /* ViewController.swift */ = {isa = PBXFileReference; lastKnownFileType = sourcecode.swift; path = ViewController.swift; sourceTree = "<group>"; };
		AEFC55DF1D32212D00D9EC01 /* Base */ = {isa = PBXFileReference; lastKnownFileType = file.storyboard; name = Base; path = Base.lproj/Main.storyboard; sourceTree = "<group>"; };
		AEFC55E11D32212D00D9EC01 /* Assets.xcassets */ = {isa = PBXFileReference; lastKnownFileType = folder.assetcatalog; path = Assets.xcassets; sourceTree = "<group>"; };
		AEFC55E41D32212D00D9EC01 /* Base */ = {isa = PBXFileReference; lastKnownFileType = file.storyboard; name = Base; path = Base.lproj/LaunchScreen.storyboard; sourceTree = "<group>"; };
		AEFC55E61D32212D00D9EC01 /* Info.plist */ = {isa = PBXFileReference; lastKnownFileType = text.plist.xml; path = Info.plist; sourceTree = "<group>"; };
		AEFC55EC1D32416E00D9EC01 /* AnimatableRaisedButton.swift */ = {isa = PBXFileReference; fileEncoding = 4; lastKnownFileType = sourcecode.swift; path = AnimatableRaisedButton.swift; sourceTree = "<group>"; };
		E34E04F07CECCACE6C95A3DD /* Pods-IBAnimatable-Material.debug.xcconfig */ = {isa = PBXFileReference; includeInIndex = 1; lastKnownFileType = text.xcconfig; name = "Pods-IBAnimatable-Material.debug.xcconfig"; path = "Pods/Target Support Files/Pods-IBAnimatable-Material/Pods-IBAnimatable-Material.debug.xcconfig"; sourceTree = "<group>"; };
		E92283451D33C59D0049DE28 /* MainTableView.swift */ = {isa = PBXFileReference; fileEncoding = 4; lastKnownFileType = sourcecode.swift; path = MainTableView.swift; sourceTree = "<group>"; };
		E92283581D33C95D0049DE28 /* AnimatableMaterialTextField.storyboard */ = {isa = PBXFileReference; fileEncoding = 4; lastKnownFileType = file.storyboard; path = AnimatableMaterialTextField.storyboard; sourceTree = "<group>"; };
		E92283591D33C95D0049DE28 /* AnimatableMaterialTextField.swift */ = {isa = PBXFileReference; fileEncoding = 4; lastKnownFileType = sourcecode.swift; path = AnimatableMaterialTextField.swift; sourceTree = "<group>"; };
		E922835A1D33C95D0049DE28 /* AnimatableMaterialTextFieldViewController.swift */ = {isa = PBXFileReference; fileEncoding = 4; lastKnownFileType = sourcecode.swift; path = AnimatableMaterialTextFieldViewController.swift; sourceTree = "<group>"; };
		E922835E1D33C9930049DE28 /* AnimatableMaterialNavBar.swift */ = {isa = PBXFileReference; fileEncoding = 4; lastKnownFileType = sourcecode.swift; path = AnimatableMaterialNavBar.swift; sourceTree = "<group>"; };
		E92283601D33CA4A0049DE28 /* AnimatableMaterialTableViewCell.swift */ = {isa = PBXFileReference; fileEncoding = 4; lastKnownFileType = sourcecode.swift; path = AnimatableMaterialTableViewCell.swift; sourceTree = "<group>"; };
		E92283651D33CAA90049DE28 /* AnimatableMaterialButtons.storyboard */ = {isa = PBXFileReference; fileEncoding = 4; lastKnownFileType = file.storyboard; path = AnimatableMaterialButtons.storyboard; sourceTree = "<group>"; };
/* End PBXFileReference section */

/* Begin PBXFrameworksBuildPhase section */
		AEFC55D41D32212D00D9EC01 /* Frameworks */ = {
			isa = PBXFrameworksBuildPhase;
			buildActionMask = 2147483647;
			files = (
				5F063812EEDF15E945BCDE03 /* Pods_IBAnimatable_Material.framework in Frameworks */,
			);
			runOnlyForDeploymentPostprocessing = 0;
		};
/* End PBXFrameworksBuildPhase section */

/* Begin PBXGroup section */
		AEFC55CE1D32212D00D9EC01 = {
			isa = PBXGroup;
			children = (
				AEFC55D91D32212D00D9EC01 /* IBAnimatable-Material */,
				AEFC55D81D32212D00D9EC01 /* Products */,
				F4B99CCE2A7750DCF62D3E4D /* Pods */,
				DDAAB3167319EE0B043AA278 /* Frameworks */,
			);
			sourceTree = "<group>";
		};
		AEFC55D81D32212D00D9EC01 /* Products */ = {
			isa = PBXGroup;
			children = (
				AEFC55D71D32212D00D9EC01 /* IBAnimatable-Material.app */,
			);
			name = Products;
			sourceTree = "<group>";
		};
		AEFC55D91D32212D00D9EC01 /* IBAnimatable-Material */ = {
			isa = PBXGroup;
			children = (
				AEFC55DA1D32212D00D9EC01 /* AppDelegate.swift */,
				AEFC55DC1D32212D00D9EC01 /* ViewController.swift */,
				E92283451D33C59D0049DE28 /* MainTableView.swift */,
				E92283631D33CA660049DE28 /* Storyboard */,
				E92283621D33CA620049DE28 /* Code */,
				AEFC55DE1D32212D00D9EC01 /* Main.storyboard */,
				AEFC55E11D32212D00D9EC01 /* Assets.xcassets */,
				AEFC55E31D32212D00D9EC01 /* LaunchScreen.storyboard */,
				AEFC55E61D32212D00D9EC01 /* Info.plist */,
			);
			path = "IBAnimatable-Material";
			sourceTree = "<group>";
		};
		DDAAB3167319EE0B043AA278 /* Frameworks */ = {
			isa = PBXGroup;
			children = (
				392544B9DD945B6E07C5EFA3 /* Pods_IBAnimatable_Material.framework */,
			);
			name = Frameworks;
			sourceTree = "<group>";
		};
		E92283621D33CA620049DE28 /* Code */ = {
			isa = PBXGroup;
			children = (
				AEFC55EC1D32416E00D9EC01 /* AnimatableRaisedButton.swift */,
				5E11C6521D358A8C00318B7C /* AnimatableFlatButton.swift */,
				5E89530D1D3677BD00E54575 /* AnimatableMaterialFabButton.swift */,
				E92283601D33CA4A0049DE28 /* AnimatableMaterialTableViewCell.swift */,
				E92283591D33C95D0049DE28 /* AnimatableMaterialTextField.swift */,
				5E7798891D3DBC5500D693BB /* AnimatableMaterialErrorTextField .swift */,
				5E77988B1D3DBECB00D693BB /* AnimatableMaterialTextView.swift */,
				5E77988F1D3DC87A00D693BB /* AnimatableMaterialLabel.swift */,
				E922835E1D33C9930049DE28 /* AnimatableMaterialNavBar.swift */,
				5E8953161D36853A00E54575 /* AnimatableMaterialCardView.swift */,
				5E7798811D3C52E300D693BB /* AnimatableMaterialImageCardView .swift */,
				5E7798851D3C652900D693BB /* AnimatableMaterialControlView.swift */,
				5E7798911D3DCE0200D693BB /* AnimatableMaterialSearchBar.swift */,
				5E7798931D3EED9400D693BB /* AnimatableMaterialCollectionViewCell.swift */,
				5E77989B1D3EF7A700D693BB /* AnimatableMaterialMenuView.swift */,
			);
			name = Code;
			sourceTree = "<group>";
		};
		E92283631D33CA660049DE28 /* Storyboard */ = {
			isa = PBXGroup;
			children = (
				E92283641D33CA870049DE28 /* Example View Controller Code */,
				E92283651D33CAA90049DE28 /* AnimatableMaterialButtons.storyboard */,
				E92283581D33C95D0049DE28 /* AnimatableMaterialTextField.storyboard */,
				5E89531C1D368F1F00E54575 /* AnimatableMaterialCardView.storyboard */,
				5E7798951D3EEF6300D693BB /* AnimatableMaterialCollectionViewCellViewController.storyboard */,
			);
			name = Storyboard;
			sourceTree = "<group>";
		};
		E92283641D33CA870049DE28 /* Example View Controller Code */ = {
			isa = PBXGroup;
			children = (
				E922835A1D33C95D0049DE28 /* AnimatableMaterialTextFieldViewController.swift */,
				5E77988D1D3DC25D00D693BB /* AnimatableMaterialErrorTextFieldAndTextViewViewController.swift */,
				5E8953181D3689C700E54575 /* AnimatableMaterialCardViewController.swift */,
				5E7798831D3C560D00D693BB /* AnimatableMaterialImageCardViewController.swift */,
				5E7798871D3C65DA00D693BB /* AnimatableMaterialControlViewController.swift */,
				5E7798991D3EF02A00D693BB /* AnimatableMaterialCollectionViewCellViewController.swift */,
			);
			name = "Example View Controller Code";
			sourceTree = "<group>";
		};
		F4B99CCE2A7750DCF62D3E4D /* Pods */ = {
			isa = PBXGroup;
			children = (
				E34E04F07CECCACE6C95A3DD /* Pods-IBAnimatable-Material.debug.xcconfig */,
				751679D2A4128C8DB78EB63F /* Pods-IBAnimatable-Material.release.xcconfig */,
			);
			name = Pods;
			sourceTree = "<group>";
		};
/* End PBXGroup section */

/* Begin PBXNativeTarget section */
		AEFC55D61D32212D00D9EC01 /* IBAnimatable-Material */ = {
			isa = PBXNativeTarget;
			buildConfigurationList = AEFC55E91D32212D00D9EC01 /* Build configuration list for PBXNativeTarget "IBAnimatable-Material" */;
			buildPhases = (
				3604BC4A6028F38A1FACC4F6 /* [CP] Check Pods Manifest.lock */,
				AEFC55D31D32212D00D9EC01 /* Sources */,
				AEFC55D41D32212D00D9EC01 /* Frameworks */,
				AEFC55D51D32212D00D9EC01 /* Resources */,
				ADC2D0BCB09A6631A158C0D1 /* [CP] Embed Pods Frameworks */,
				9DA5F7826009CCA8E9B834F5 /* [CP] Copy Pods Resources */,
			);
			buildRules = (
			);
			dependencies = (
			);
			name = "IBAnimatable-Material";
			productName = "IBAnimatable-Material";
			productReference = AEFC55D71D32212D00D9EC01 /* IBAnimatable-Material.app */;
			productType = "com.apple.product-type.application";
		};
/* End PBXNativeTarget section */

/* Begin PBXProject section */
		AEFC55CF1D32212D00D9EC01 /* Project object */ = {
			isa = PBXProject;
			attributes = {
				LastSwiftUpdateCheck = 0730;
				LastUpgradeCheck = 0730;
				ORGANIZATIONNAME = IBAnimatable;
				TargetAttributes = {
					AEFC55D61D32212D00D9EC01 = {
						CreatedOnToolsVersion = 7.3.1;
					};
				};
			};
			buildConfigurationList = AEFC55D21D32212D00D9EC01 /* Build configuration list for PBXProject "IBAnimatable-Material" */;
			compatibilityVersion = "Xcode 3.2";
			developmentRegion = English;
			hasScannedForEncodings = 0;
			knownRegions = (
				en,
				Base,
			);
			mainGroup = AEFC55CE1D32212D00D9EC01;
			productRefGroup = AEFC55D81D32212D00D9EC01 /* Products */;
			projectDirPath = "";
			projectRoot = "";
			targets = (
				AEFC55D61D32212D00D9EC01 /* IBAnimatable-Material */,
			);
		};
/* End PBXProject section */

/* Begin PBXResourcesBuildPhase section */
		AEFC55D51D32212D00D9EC01 /* Resources */ = {
			isa = PBXResourcesBuildPhase;
			buildActionMask = 2147483647;
			files = (
				E92283661D33CAA90049DE28 /* AnimatableMaterialButtons.storyboard in Resources */,
				AEFC55E51D32212D00D9EC01 /* LaunchScreen.storyboard in Resources */,
				AEFC55E21D32212D00D9EC01 /* Assets.xcassets in Resources */,
				5E7798961D3EEF6300D693BB /* AnimatableMaterialCollectionViewCellViewController.storyboard in Resources */,
				AEFC55E01D32212D00D9EC01 /* Main.storyboard in Resources */,
				E922835B1D33C95D0049DE28 /* AnimatableMaterialTextField.storyboard in Resources */,
				5E89531D1D368F1F00E54575 /* AnimatableMaterialCardView.storyboard in Resources */,
			);
			runOnlyForDeploymentPostprocessing = 0;
		};
/* End PBXResourcesBuildPhase section */

/* Begin PBXShellScriptBuildPhase section */
		3604BC4A6028F38A1FACC4F6 /* [CP] Check Pods Manifest.lock */ = {
			isa = PBXShellScriptBuildPhase;
			buildActionMask = 2147483647;
			files = (
			);
			inputPaths = (
			);
			name = "[CP] Check Pods Manifest.lock";
			outputPaths = (
			);
			runOnlyForDeploymentPostprocessing = 0;
			shellPath = /bin/sh;
			shellScript = "diff \"${PODS_ROOT}/../Podfile.lock\" \"${PODS_ROOT}/Manifest.lock\" > /dev/null\nif [[ $? != 0 ]] ; then\n    cat << EOM\nerror: The sandbox is not in sync with the Podfile.lock. Run 'pod install' or update your CocoaPods installation.\nEOM\n    exit 1\nfi\n";
			showEnvVarsInLog = 0;
		};
		9DA5F7826009CCA8E9B834F5 /* [CP] Copy Pods Resources */ = {
			isa = PBXShellScriptBuildPhase;
			buildActionMask = 2147483647;
			files = (
			);
			inputPaths = (
			);
			name = "[CP] Copy Pods Resources";
			outputPaths = (
			);
			runOnlyForDeploymentPostprocessing = 0;
			shellPath = /bin/sh;
			shellScript = "\"${SRCROOT}/Pods/Target Support Files/Pods-IBAnimatable-Material/Pods-IBAnimatable-Material-resources.sh\"\n";
			showEnvVarsInLog = 0;
		};
		ADC2D0BCB09A6631A158C0D1 /* [CP] Embed Pods Frameworks */ = {
			isa = PBXShellScriptBuildPhase;
			buildActionMask = 2147483647;
			files = (
			);
			inputPaths = (
			);
			name = "[CP] Embed Pods Frameworks";
			outputPaths = (
			);
			runOnlyForDeploymentPostprocessing = 0;
			shellPath = /bin/sh;
			shellScript = "\"${SRCROOT}/Pods/Target Support Files/Pods-IBAnimatable-Material/Pods-IBAnimatable-Material-frameworks.sh\"\n";
			showEnvVarsInLog = 0;
		};
/* End PBXShellScriptBuildPhase section */

/* Begin PBXSourcesBuildPhase section */
		AEFC55D31D32212D00D9EC01 /* Sources */ = {
			isa = PBXSourcesBuildPhase;
			buildActionMask = 2147483647;
			files = (
				E92283611D33CA4A0049DE28 /* AnimatableMaterialTableViewCell.swift in Sources */,
				AEFC55DD1D32212D00D9EC01 /* ViewController.swift in Sources */,
				5E8953171D36853A00E54575 /* AnimatableMaterialCardView.swift in Sources */,
				5E7798841D3C560D00D693BB /* AnimatableMaterialImageCardViewController.swift in Sources */,
				5E8953191D3689C700E54575 /* AnimatableMaterialCardViewController.swift in Sources */,
				5E7798881D3C65DA00D693BB /* AnimatableMaterialControlViewController.swift in Sources */,
				5E7798821D3C52E300D693BB /* AnimatableMaterialImageCardView .swift in Sources */,
				5E11C6531D358A8C00318B7C /* AnimatableFlatButton.swift in Sources */,
				5E77988E1D3DC25D00D693BB /* AnimatableMaterialErrorTextFieldAndTextViewViewController.swift in Sources */,
				5E7798901D3DC87A00D693BB /* AnimatableMaterialLabel.swift in Sources */,
				5E77988C1D3DBECB00D693BB /* AnimatableMaterialTextView.swift in Sources */,
				E922835F1D33C9930049DE28 /* AnimatableMaterialNavBar.swift in Sources */,
				5E89530E1D3677BD00E54575 /* AnimatableMaterialFabButton.swift in Sources */,
				AEFC55ED1D32416E00D9EC01 /* AnimatableRaisedButton.swift in Sources */,
				E92283461D33C59D0049DE28 /* MainTableView.swift in Sources */,
				E922835D1D33C95D0049DE28 /* AnimatableMaterialTextFieldViewController.swift in Sources */,
				5E77989C1D3EF7A700D693BB /* AnimatableMaterialMenuView.swift in Sources */,
				5E77988A1D3DBC5500D693BB /* AnimatableMaterialErrorTextField .swift in Sources */,
				5E77989A1D3EF02A00D693BB /* AnimatableMaterialCollectionViewCellViewController.swift in Sources */,
				5E7798941D3EED9400D693BB /* AnimatableMaterialCollectionViewCell.swift in Sources */,
				E922835C1D33C95D0049DE28 /* AnimatableMaterialTextField.swift in Sources */,
				AEFC55DB1D32212D00D9EC01 /* AppDelegate.swift in Sources */,
				5E7798861D3C652900D693BB /* AnimatableMaterialControlView.swift in Sources */,
				5E7798921D3DCE0200D693BB /* AnimatableMaterialSearchBar.swift in Sources */,
			);
			runOnlyForDeploymentPostprocessing = 0;
		};
/* End PBXSourcesBuildPhase section */

/* Begin PBXVariantGroup section */
		AEFC55DE1D32212D00D9EC01 /* Main.storyboard */ = {
			isa = PBXVariantGroup;
			children = (
				AEFC55DF1D32212D00D9EC01 /* Base */,
			);
			name = Main.storyboard;
			sourceTree = "<group>";
		};
		AEFC55E31D32212D00D9EC01 /* LaunchScreen.storyboard */ = {
			isa = PBXVariantGroup;
			children = (
				AEFC55E41D32212D00D9EC01 /* Base */,
			);
			name = LaunchScreen.storyboard;
			sourceTree = "<group>";
		};
/* End PBXVariantGroup section */

/* Begin XCBuildConfiguration section */
		AEFC55E71D32212D00D9EC01 /* Debug */ = {
			isa = XCBuildConfiguration;
			buildSettings = {
				ALWAYS_SEARCH_USER_PATHS = NO;
				CLANG_ANALYZER_NONNULL = YES;
				CLANG_CXX_LANGUAGE_STANDARD = "gnu++0x";
				CLANG_CXX_LIBRARY = "libc++";
				CLANG_ENABLE_MODULES = YES;
				CLANG_ENABLE_OBJC_ARC = YES;
				CLANG_WARN_BOOL_CONVERSION = YES;
				CLANG_WARN_CONSTANT_CONVERSION = YES;
				CLANG_WARN_DIRECT_OBJC_ISA_USAGE = YES_ERROR;
				CLANG_WARN_EMPTY_BODY = YES;
				CLANG_WARN_ENUM_CONVERSION = YES;
				CLANG_WARN_INT_CONVERSION = YES;
				CLANG_WARN_OBJC_ROOT_CLASS = YES_ERROR;
				CLANG_WARN_UNREACHABLE_CODE = YES;
				CLANG_WARN__DUPLICATE_METHOD_MATCH = YES;
				"CODE_SIGN_IDENTITY[sdk=iphoneos*]" = "iPhone Developer";
				COPY_PHASE_STRIP = NO;
				DEBUG_INFORMATION_FORMAT = dwarf;
				ENABLE_STRICT_OBJC_MSGSEND = YES;
				ENABLE_TESTABILITY = YES;
				GCC_C_LANGUAGE_STANDARD = gnu99;
				GCC_DYNAMIC_NO_PIC = NO;
				GCC_NO_COMMON_BLOCKS = YES;
				GCC_OPTIMIZATION_LEVEL = 0;
				GCC_PREPROCESSOR_DEFINITIONS = (
					"DEBUG=1",
					"$(inherited)",
				);
				GCC_WARN_64_TO_32_BIT_CONVERSION = YES;
				GCC_WARN_ABOUT_RETURN_TYPE = YES_ERROR;
				GCC_WARN_UNDECLARED_SELECTOR = YES;
				GCC_WARN_UNINITIALIZED_AUTOS = YES_AGGRESSIVE;
				GCC_WARN_UNUSED_FUNCTION = YES;
				GCC_WARN_UNUSED_VARIABLE = YES;
				IPHONEOS_DEPLOYMENT_TARGET = 9.3;
				MTL_ENABLE_DEBUG_INFO = YES;
				ONLY_ACTIVE_ARCH = YES;
				SDKROOT = iphoneos;
				SWIFT_OPTIMIZATION_LEVEL = "-Onone";
			};
			name = Debug;
		};
		AEFC55E81D32212D00D9EC01 /* Release */ = {
			isa = XCBuildConfiguration;
			buildSettings = {
				ALWAYS_SEARCH_USER_PATHS = NO;
				CLANG_ANALYZER_NONNULL = YES;
				CLANG_CXX_LANGUAGE_STANDARD = "gnu++0x";
				CLANG_CXX_LIBRARY = "libc++";
				CLANG_ENABLE_MODULES = YES;
				CLANG_ENABLE_OBJC_ARC = YES;
				CLANG_WARN_BOOL_CONVERSION = YES;
				CLANG_WARN_CONSTANT_CONVERSION = YES;
				CLANG_WARN_DIRECT_OBJC_ISA_USAGE = YES_ERROR;
				CLANG_WARN_EMPTY_BODY = YES;
				CLANG_WARN_ENUM_CONVERSION = YES;
				CLANG_WARN_INT_CONVERSION = YES;
				CLANG_WARN_OBJC_ROOT_CLASS = YES_ERROR;
				CLANG_WARN_UNREACHABLE_CODE = YES;
				CLANG_WARN__DUPLICATE_METHOD_MATCH = YES;
				"CODE_SIGN_IDENTITY[sdk=iphoneos*]" = "iPhone Developer";
				COPY_PHASE_STRIP = NO;
				DEBUG_INFORMATION_FORMAT = "dwarf-with-dsym";
				ENABLE_NS_ASSERTIONS = NO;
				ENABLE_STRICT_OBJC_MSGSEND = YES;
				GCC_C_LANGUAGE_STANDARD = gnu99;
				GCC_NO_COMMON_BLOCKS = YES;
				GCC_WARN_64_TO_32_BIT_CONVERSION = YES;
				GCC_WARN_ABOUT_RETURN_TYPE = YES_ERROR;
				GCC_WARN_UNDECLARED_SELECTOR = YES;
				GCC_WARN_UNINITIALIZED_AUTOS = YES_AGGRESSIVE;
				GCC_WARN_UNUSED_FUNCTION = YES;
				GCC_WARN_UNUSED_VARIABLE = YES;
				IPHONEOS_DEPLOYMENT_TARGET = 9.3;
				MTL_ENABLE_DEBUG_INFO = NO;
				SDKROOT = iphoneos;
				VALIDATE_PRODUCT = YES;
			};
			name = Release;
		};
		AEFC55EA1D32212D00D9EC01 /* Debug */ = {
			isa = XCBuildConfiguration;
			baseConfigurationReference = E34E04F07CECCACE6C95A3DD /* Pods-IBAnimatable-Material.debug.xcconfig */;
			buildSettings = {
				ASSETCATALOG_COMPILER_APPICON_NAME = AppIcon;
				INFOPLIST_FILE = "IBAnimatable-Material/Info.plist";
				LD_RUNPATH_SEARCH_PATHS = "$(inherited) @executable_path/Frameworks";
				PRODUCT_BUNDLE_IDENTIFIER = "IBAnimatable.IBAnimatable-Material";
				PRODUCT_NAME = "$(TARGET_NAME)";
			};
			name = Debug;
		};
		AEFC55EB1D32212D00D9EC01 /* Release */ = {
			isa = XCBuildConfiguration;
			baseConfigurationReference = 751679D2A4128C8DB78EB63F /* Pods-IBAnimatable-Material.release.xcconfig */;
			buildSettings = {
				ASSETCATALOG_COMPILER_APPICON_NAME = AppIcon;
				INFOPLIST_FILE = "IBAnimatable-Material/Info.plist";
				LD_RUNPATH_SEARCH_PATHS = "$(inherited) @executable_path/Frameworks";
				PRODUCT_BUNDLE_IDENTIFIER = "IBAnimatable.IBAnimatable-Material";
				PRODUCT_NAME = "$(TARGET_NAME)";
			};
			name = Release;
		};
/* End XCBuildConfiguration section */

/* Begin XCConfigurationList section */
		AEFC55D21D32212D00D9EC01 /* Build configuration list for PBXProject "IBAnimatable-Material" */ = {
			isa = XCConfigurationList;
			buildConfigurations = (
				AEFC55E71D32212D00D9EC01 /* Debug */,
				AEFC55E81D32212D00D9EC01 /* Release */,
			);
			defaultConfigurationIsVisible = 0;
			defaultConfigurationName = Release;
		};
		AEFC55E91D32212D00D9EC01 /* Build configuration list for PBXNativeTarget "IBAnimatable-Material" */ = {
			isa = XCConfigurationList;
			buildConfigurations = (
				AEFC55EA1D32212D00D9EC01 /* Debug */,
				AEFC55EB1D32212D00D9EC01 /* Release */,
			);
			defaultConfigurationIsVisible = 0;
			defaultConfigurationName = Release;
		};
/* End XCConfigurationList section */
	};
	rootObject = AEFC55CF1D32212D00D9EC01 /* Project object */;
}
